// !$*UTF8*$!
{
	archiveVersion = 1;
	classes = {
	};
	objectVersion = 51;
	objects = {

/* Begin PBXBuildFile section */
		2E480B5223787B7800F31FE0 /* .swiftlint.yml in Resources */ = {isa = PBXBuildFile; fileRef = 2E480B5123787B7800F31FE0 /* .swiftlint.yml */; };
		34120C98222F40980051C11A /* Night Background.png in Resources */ = {isa = PBXBuildFile; fileRef = 34120C97222F40980051C11A /* Night Background.png */; };
		34120C9C222F49C30051C11A /* Main Selection Background.png in Resources */ = {isa = PBXBuildFile; fileRef = 34120C9B222F49C30051C11A /* Main Selection Background.png */; };
		342CD16722525E280057EDDB /* VoiceShortcutsManager.swift in Sources */ = {isa = PBXBuildFile; fileRef = 342CD16622525E280057EDDB /* VoiceShortcutsManager.swift */; };
		342CD169225269DF0057EDDB /* CoreLocation.framework in Frameworks */ = {isa = PBXBuildFile; fileRef = 342CD168225269DF0057EDDB /* CoreLocation.framework */; };
		342CD16A225269E80057EDDB /* CoreLocation.framework in Frameworks */ = {isa = PBXBuildFile; fileRef = 342CD168225269DF0057EDDB /* CoreLocation.framework */; };
		343213A0223F5A5600808496 /* CalendarTableViewCell.swift in Sources */ = {isa = PBXBuildFile; fileRef = 3432139F223F5A5600808496 /* CalendarTableViewCell.swift */; };
		34393DF522122EBB00229F0D /* WeatherViewController.swift in Sources */ = {isa = PBXBuildFile; fileRef = 34393DF422122EBB00229F0D /* WeatherViewController.swift */; };
		34393DF7221388D200229F0D /* ModuleTableViewCell.swift in Sources */ = {isa = PBXBuildFile; fileRef = 34393DF6221388D200229F0D /* ModuleTableViewCell.swift */; };
		34393DF92213E6AC00229F0D /* ServiceHandler.swift in Sources */ = {isa = PBXBuildFile; fileRef = 34393DF82213E6AC00229F0D /* ServiceHandler.swift */; };
		343C7A4B221E596B00032E69 /* CalendarHandler.swift in Sources */ = {isa = PBXBuildFile; fileRef = 343C7A4A221E596B00032E69 /* CalendarHandler.swift */; };
		343C7A4D221E5D6500032E69 /* CalendarViewController.swift in Sources */ = {isa = PBXBuildFile; fileRef = 343C7A4C221E5D6500032E69 /* CalendarViewController.swift */; };
		343E2EED22238C3C001068C6 /* InitialViewController.swift in Sources */ = {isa = PBXBuildFile; fileRef = 343E2EEC22238C3C001068C6 /* InitialViewController.swift */; };
		343E2EEF222392E8001068C6 /* CalenderLocationPermissionViewController.swift in Sources */ = {isa = PBXBuildFile; fileRef = 343E2EEE222392E8001068C6 /* CalenderLocationPermissionViewController.swift */; };
		343E2EF12223B0D0001068C6 /* WorkAddressSetupViewController.swift in Sources */ = {isa = PBXBuildFile; fileRef = 343E2EF02223B0D0001068C6 /* WorkAddressSetupViewController.swift */; };
		343FDFCC2228B4BD00964A61 /* list.png in Resources */ = {isa = PBXBuildFile; fileRef = 343FDFC42228B4BB00964A61 /* list.png */; };
		343FDFCD2228B4BD00964A61 /* settings.png in Resources */ = {isa = PBXBuildFile; fileRef = 343FDFC52228B4BB00964A61 /* settings.png */; };
		343FDFCE2228B4BD00964A61 /* services.png in Resources */ = {isa = PBXBuildFile; fileRef = 343FDFC62228B4BB00964A61 /* services.png */; };
		343FDFCF2228B4BD00964A61 /* calendar.png in Resources */ = {isa = PBXBuildFile; fileRef = 343FDFC72228B4BB00964A61 /* calendar.png */; };
		343FDFD02228B4BD00964A61 /* traffic.png in Resources */ = {isa = PBXBuildFile; fileRef = 343FDFC82228B4BB00964A61 /* traffic.png */; };
		343FDFD12228B4BD00964A61 /* weather.png in Resources */ = {isa = PBXBuildFile; fileRef = 343FDFC92228B4BC00964A61 /* weather.png */; };
		343FDFD22228B4BD00964A61 /* sun.png in Resources */ = {isa = PBXBuildFile; fileRef = 343FDFCA2228B4BC00964A61 /* sun.png */; };
		343FDFD32228B4BD00964A61 /* news.png in Resources */ = {isa = PBXBuildFile; fileRef = 343FDFCB2228B4BC00964A61 /* news.png */; };
		343FDFD82228B6DA00964A61 /* settings75.png in Resources */ = {isa = PBXBuildFile; fileRef = 343FDFD62228B6DA00964A61 /* settings75.png */; };
		343FDFD92228B6DA00964A61 /* settings50.png in Resources */ = {isa = PBXBuildFile; fileRef = 343FDFD72228B6DA00964A61 /* settings50.png */; };
		343FDFDC2228B7DB00964A61 /* services75.png in Resources */ = {isa = PBXBuildFile; fileRef = 343FDFDA2228B7DB00964A61 /* services75.png */; };
		343FDFDD2228B7DB00964A61 /* services50.png in Resources */ = {isa = PBXBuildFile; fileRef = 343FDFDB2228B7DB00964A61 /* services50.png */; };
		34507C3822480D1500ACCF8D /* iPhone3x.png in Resources */ = {isa = PBXBuildFile; fileRef = 34507C3522480D1400ACCF8D /* iPhone3x.png */; };
		34507C3922480D1500ACCF8D /* iPhone2x.png in Resources */ = {isa = PBXBuildFile; fileRef = 34507C3622480D1400ACCF8D /* iPhone2x.png */; };
		34507C3A22480D1500ACCF8D /* main_icon.png in Resources */ = {isa = PBXBuildFile; fileRef = 34507C3722480D1400ACCF8D /* main_icon.png */; };
		346B7CA0222DE32F007226FC /* NightlyCloudy.png in Resources */ = {isa = PBXBuildFile; fileRef = 346B7C96222DE32B007226FC /* NightlyCloudy.png */; };
		346B7CA1222DE32F007226FC /* windy.png in Resources */ = {isa = PBXBuildFile; fileRef = 346B7C97222DE32B007226FC /* windy.png */; };
		346B7CA2222DE32F007226FC /* partlyCloudy.png in Resources */ = {isa = PBXBuildFile; fileRef = 346B7C98222DE32C007226FC /* partlyCloudy.png */; };
		346B7CA4222DE32F007226FC /* snowy.png in Resources */ = {isa = PBXBuildFile; fileRef = 346B7C9A222DE32D007226FC /* snowy.png */; };
		346B7CA5222DE32F007226FC /* Lightning.png in Resources */ = {isa = PBXBuildFile; fileRef = 346B7C9B222DE32D007226FC /* Lightning.png */; };
		346B7CA6222DE32F007226FC /* foggy.png in Resources */ = {isa = PBXBuildFile; fileRef = 346B7C9C222DE32E007226FC /* foggy.png */; };
		346B7CA7222DE32F007226FC /* rainy.png in Resources */ = {isa = PBXBuildFile; fileRef = 346B7C9D222DE32E007226FC /* rainy.png */; };
		346B7CA8222DE32F007226FC /* cloud.png in Resources */ = {isa = PBXBuildFile; fileRef = 346B7C9E222DE32E007226FC /* cloud.png */; };
		346B7CA9222DE32F007226FC /* night.png in Resources */ = {isa = PBXBuildFile; fileRef = 346B7C9F222DE32F007226FC /* night.png */; };
		346B7CAD222DF55D007226FC /* Day Weather BG.png in Resources */ = {isa = PBXBuildFile; fileRef = 346B7CAC222DF55C007226FC /* Day Weather BG.png */; };
		3474741D220A0D7900A82B2D /* MainViewController.swift in Sources */ = {isa = PBXBuildFile; fileRef = 3474741C220A0D7900A82B2D /* MainViewController.swift */; };
		3481B1582241EFEC0079E3C6 /* NewsHandler.swift in Sources */ = {isa = PBXBuildFile; fileRef = 3481B1572241EFEC0079E3C6 /* NewsHandler.swift */; };
		34A53E7A221CFB0A001C640D /* TrafficHandler.swift in Sources */ = {isa = PBXBuildFile; fileRef = 34A53E79221CFB0A001C640D /* TrafficHandler.swift */; };
		34A53E7C221D0483001C640D /* TrafficViewController.swift in Sources */ = {isa = PBXBuildFile; fileRef = 34A53E7B221D0483001C640D /* TrafficViewController.swift */; };
		34A7BD5C2243D14D005DEEE7 /* HomeViewController.swift in Sources */ = {isa = PBXBuildFile; fileRef = 34A7BD5B2243D14D005DEEE7 /* HomeViewController.swift */; };
		34C34CBF2252D7AA000E009F /* SettingsViewController.swift in Sources */ = {isa = PBXBuildFile; fileRef = 34C34CBE2252D7AA000E009F /* SettingsViewController.swift */; };
		34C502BE225250BE005A5D25 /* IntentHandler.swift in Sources */ = {isa = PBXBuildFile; fileRef = 34C502BD225250BE005A5D25 /* IntentHandler.swift */; };
		34C502C6225250BE005A5D25 /* IntentsUI.framework in Frameworks */ = {isa = PBXBuildFile; fileRef = 34C502C5225250BE005A5D25 /* IntentsUI.framework */; };
		34C502C9225250BE005A5D25 /* IntentViewController.swift in Sources */ = {isa = PBXBuildFile; fileRef = 34C502C8225250BE005A5D25 /* IntentViewController.swift */; };
		34C502CC225250BE005A5D25 /* MainInterface.storyboard in Resources */ = {isa = PBXBuildFile; fileRef = 34C502CA225250BE005A5D25 /* MainInterface.storyboard */; };
		34C502D0225250BE005A5D25 /* TodayIntentUI.appex in Embed App Extensions */ = {isa = PBXBuildFile; fileRef = 34C502C4225250BE005A5D25 /* TodayIntentUI.appex */; settings = {ATTRIBUTES = (RemoveHeadersOnCopy, ); }; };
		34C502D3225250BE005A5D25 /* TodayIntent.appex in Embed App Extensions */ = {isa = PBXBuildFile; fileRef = 34C502BB225250BD005A5D25 /* TodayIntent.appex */; settings = {ATTRIBUTES = (RemoveHeadersOnCopy, ); }; };
		34C502DC22525125005A5D25 /* Intents.intentdefinition in Sources */ = {isa = PBXBuildFile; fileRef = 34C502DB22525125005A5D25 /* Intents.intentdefinition */; };
		34C502DD2252542B005A5D25 /* Intents.intentdefinition in Sources */ = {isa = PBXBuildFile; fileRef = 34C502DB22525125005A5D25 /* Intents.intentdefinition */; };
		34C502DE2252542C005A5D25 /* Intents.intentdefinition in Sources */ = {isa = PBXBuildFile; fileRef = 34C502DB22525125005A5D25 /* Intents.intentdefinition */; };
		34C502E0225254EE005A5D25 /* MyDayIntentHandler.swift in Sources */ = {isa = PBXBuildFile; fileRef = 34C502DF225254EE005A5D25 /* MyDayIntentHandler.swift */; };
		34C502E1225255A7005A5D25 /* ServiceHandler.swift in Sources */ = {isa = PBXBuildFile; fileRef = 34393DF82213E6AC00229F0D /* ServiceHandler.swift */; };
		34C502E2225255A8005A5D25 /* ServiceHandler.swift in Sources */ = {isa = PBXBuildFile; fileRef = 34393DF82213E6AC00229F0D /* ServiceHandler.swift */; };
		34C502E3225255CB005A5D25 /* LocalDataHandler.swift in Sources */ = {isa = PBXBuildFile; fileRef = 34DE4FF321F64169002004E2 /* LocalDataHandler.swift */; };
		34C502E4225255CB005A5D25 /* LocalDataHandler.swift in Sources */ = {isa = PBXBuildFile; fileRef = 34DE4FF321F64169002004E2 /* LocalDataHandler.swift */; };
		34C502E5225255CF005A5D25 /* CloudDataHandler.swift in Sources */ = {isa = PBXBuildFile; fileRef = 34DE4FF521F6417D002004E2 /* CloudDataHandler.swift */; };
		34C502E6225255D0005A5D25 /* CloudDataHandler.swift in Sources */ = {isa = PBXBuildFile; fileRef = 34DE4FF521F6417D002004E2 /* CloudDataHandler.swift */; };
		34C502E7225255D3005A5D25 /* CalendarHandler.swift in Sources */ = {isa = PBXBuildFile; fileRef = 343C7A4A221E596B00032E69 /* CalendarHandler.swift */; };
		34C502E8225255D3005A5D25 /* CalendarHandler.swift in Sources */ = {isa = PBXBuildFile; fileRef = 343C7A4A221E596B00032E69 /* CalendarHandler.swift */; };
		34C502E9225255D7005A5D25 /* TrafficHandler.swift in Sources */ = {isa = PBXBuildFile; fileRef = 34A53E79221CFB0A001C640D /* TrafficHandler.swift */; };
		34C502EA225255D7005A5D25 /* TrafficHandler.swift in Sources */ = {isa = PBXBuildFile; fileRef = 34A53E79221CFB0A001C640D /* TrafficHandler.swift */; };
		34C502EB225255DA005A5D25 /* WeatherHandler.swift in Sources */ = {isa = PBXBuildFile; fileRef = 34E11F9A22109AD7002B8D46 /* WeatherHandler.swift */; };
		34C502EC225255DB005A5D25 /* WeatherHandler.swift in Sources */ = {isa = PBXBuildFile; fileRef = 34E11F9A22109AD7002B8D46 /* WeatherHandler.swift */; };
		34C502ED225255DE005A5D25 /* NewsHandler.swift in Sources */ = {isa = PBXBuildFile; fileRef = 3481B1572241EFEC0079E3C6 /* NewsHandler.swift */; };
		34C502EE225255DE005A5D25 /* NewsHandler.swift in Sources */ = {isa = PBXBuildFile; fileRef = 3481B1572241EFEC0079E3C6 /* NewsHandler.swift */; };
		34CC0CA02242D328006AD340 /* NewsTableViewController.swift in Sources */ = {isa = PBXBuildFile; fileRef = 34CC0C9F2242D328006AD340 /* NewsTableViewController.swift */; };
		34CC0CA222431F51006AD340 /* newsBlack.png in Resources */ = {isa = PBXBuildFile; fileRef = 34CC0CA122431F50006AD340 /* newsBlack.png */; };
		34DE4FD621F59236002004E2 /* AppDelegate.swift in Sources */ = {isa = PBXBuildFile; fileRef = 34DE4FD521F59236002004E2 /* AppDelegate.swift */; };
		34DE4FDB21F59236002004E2 /* Main.storyboard in Resources */ = {isa = PBXBuildFile; fileRef = 34DE4FD921F59236002004E2 /* Main.storyboard */; };
		34DE4FDD21F59236002004E2 /* Assets.xcassets in Resources */ = {isa = PBXBuildFile; fileRef = 34DE4FDC21F59236002004E2 /* Assets.xcassets */; };
		34DE4FE021F59236002004E2 /* LaunchScreen.storyboard in Resources */ = {isa = PBXBuildFile; fileRef = 34DE4FDE21F59236002004E2 /* LaunchScreen.storyboard */; };
		34DE4FF421F64169002004E2 /* LocalDataHandler.swift in Sources */ = {isa = PBXBuildFile; fileRef = 34DE4FF321F64169002004E2 /* LocalDataHandler.swift */; };
		34DE4FF621F6417D002004E2 /* CloudDataHandler.swift in Sources */ = {isa = PBXBuildFile; fileRef = 34DE4FF521F6417D002004E2 /* CloudDataHandler.swift */; };
		34DF60CA2242BFBA008DC9B6 /* NewsTableViewCell.swift in Sources */ = {isa = PBXBuildFile; fileRef = 34DF60C92242BFB9008DC9B6 /* NewsTableViewCell.swift */; };
		34E06FE3225AFBAF00E87762 /* HomeAddressSetupViewController.swift in Sources */ = {isa = PBXBuildFile; fileRef = 34E06FE2225AFBAF00E87762 /* HomeAddressSetupViewController.swift */; };
		34E11F9B22109AD7002B8D46 /* WeatherHandler.swift in Sources */ = {isa = PBXBuildFile; fileRef = 34E11F9A22109AD7002B8D46 /* WeatherHandler.swift */; };
		34EE16D422246632000EF3D6 /* MainScreen.png in Resources */ = {isa = PBXBuildFile; fileRef = 34EE16D322246632000EF3D6 /* MainScreen.png */; };
		34F0C0282251C2B200F2BD09 /* box.png in Resources */ = {isa = PBXBuildFile; fileRef = 34F0C0262251C2B200F2BD09 /* box.png */; };
		34F0C0292251C2B200F2BD09 /* Box 50.png in Resources */ = {isa = PBXBuildFile; fileRef = 34F0C0272251C2B200F2BD09 /* Box 50.png */; };
		34FE11BB2224B00B00DCAD94 /* siriSetupViewController.swift in Sources */ = {isa = PBXBuildFile; fileRef = 34FE11BA2224B00B00DCAD94 /* siriSetupViewController.swift */; };
		8B528B3B739617547266E845 /* Pods_uToday.framework in Frameworks */ = {isa = PBXBuildFile; fileRef = 502E55D1A58873C3D72E49FD /* Pods_uToday.framework */; };
		B4E825FF31B4A0D616189997 /* Pods_TodayIntentUI.framework in Frameworks */ = {isa = PBXBuildFile; fileRef = A766D9E84F804478D2316AA4 /* Pods_TodayIntentUI.framework */; };
		EDB4B1C51512D14883838F7E /* Pods_TodayIntent.framework in Frameworks */ = {isa = PBXBuildFile; fileRef = CA76F9A626481F3CCB36699A /* Pods_TodayIntent.framework */; };
/* End PBXBuildFile section */

/* Begin PBXContainerItemProxy section */
		34C502CE225250BE005A5D25 /* PBXContainerItemProxy */ = {
			isa = PBXContainerItemProxy;
			containerPortal = 34DE4FCA21F59236002004E2 /* Project object */;
			proxyType = 1;
			remoteGlobalIDString = 34C502C3225250BE005A5D25;
			remoteInfo = TodayIntentUI;
		};
		34C502D1225250BE005A5D25 /* PBXContainerItemProxy */ = {
			isa = PBXContainerItemProxy;
			containerPortal = 34DE4FCA21F59236002004E2 /* Project object */;
			proxyType = 1;
			remoteGlobalIDString = 34C502BA225250BD005A5D25;
			remoteInfo = TodayIntent;
		};
/* End PBXContainerItemProxy section */

/* Begin PBXCopyFilesBuildPhase section */
		34C502DA225250BE005A5D25 /* Embed App Extensions */ = {
			isa = PBXCopyFilesBuildPhase;
			buildActionMask = 2147483647;
			dstPath = "";
			dstSubfolderSpec = 13;
			files = (
				34C502D3225250BE005A5D25 /* TodayIntent.appex in Embed App Extensions */,
				34C502D0225250BE005A5D25 /* TodayIntentUI.appex in Embed App Extensions */,
			);
			name = "Embed App Extensions";
			runOnlyForDeploymentPostprocessing = 0;
		};
/* End PBXCopyFilesBuildPhase section */

/* Begin PBXFileReference section */
		07C436442A2D5D30FE9E2832 /* Pods-TodayIntent.debug.xcconfig */ = {isa = PBXFileReference; includeInIndex = 1; lastKnownFileType = text.xcconfig; name = "Pods-TodayIntent.debug.xcconfig"; path = "Target Support Files/Pods-TodayIntent/Pods-TodayIntent.debug.xcconfig"; sourceTree = "<group>"; };
		1FDD963CB06E00A63D1E47AD /* Pods-TodayIntentUI.release.xcconfig */ = {isa = PBXFileReference; includeInIndex = 1; lastKnownFileType = text.xcconfig; name = "Pods-TodayIntentUI.release.xcconfig"; path = "Target Support Files/Pods-TodayIntentUI/Pods-TodayIntentUI.release.xcconfig"; sourceTree = "<group>"; };
		2E480B5123787B7800F31FE0 /* .swiftlint.yml */ = {isa = PBXFileReference; fileEncoding = 4; lastKnownFileType = text.yaml; path = .swiftlint.yml; sourceTree = "<group>"; };
		34120C97222F40980051C11A /* Night Background.png */ = {isa = PBXFileReference; lastKnownFileType = image.png; path = "Night Background.png"; sourceTree = "<group>"; };
		34120C9B222F49C30051C11A /* Main Selection Background.png */ = {isa = PBXFileReference; lastKnownFileType = image.png; path = "Main Selection Background.png"; sourceTree = "<group>"; };
		342CD16622525E280057EDDB /* VoiceShortcutsManager.swift */ = {isa = PBXFileReference; lastKnownFileType = sourcecode.swift; path = VoiceShortcutsManager.swift; sourceTree = "<group>"; };
		342CD168225269DF0057EDDB /* CoreLocation.framework */ = {isa = PBXFileReference; lastKnownFileType = wrapper.framework; name = CoreLocation.framework; path = System/Library/Frameworks/CoreLocation.framework; sourceTree = SDKROOT; };
		342CD16B22526F230057EDDB /* TodayIntent.entitlements */ = {isa = PBXFileReference; lastKnownFileType = text.plist.entitlements; path = TodayIntent.entitlements; sourceTree = "<group>"; };
		342CD16C22526F2C0057EDDB /* TodayIntentUI.entitlements */ = {isa = PBXFileReference; lastKnownFileType = text.plist.entitlements; path = TodayIntentUI.entitlements; sourceTree = "<group>"; };
		3432139F223F5A5600808496 /* CalendarTableViewCell.swift */ = {isa = PBXFileReference; lastKnownFileType = sourcecode.swift; path = CalendarTableViewCell.swift; sourceTree = "<group>"; };
		34393DF422122EBB00229F0D /* WeatherViewController.swift */ = {isa = PBXFileReference; lastKnownFileType = sourcecode.swift; path = WeatherViewController.swift; sourceTree = "<group>"; };
		34393DF6221388D200229F0D /* ModuleTableViewCell.swift */ = {isa = PBXFileReference; lastKnownFileType = sourcecode.swift; path = ModuleTableViewCell.swift; sourceTree = "<group>"; };
		34393DF82213E6AC00229F0D /* ServiceHandler.swift */ = {isa = PBXFileReference; lastKnownFileType = sourcecode.swift; path = ServiceHandler.swift; sourceTree = "<group>"; };
		343C7A4A221E596B00032E69 /* CalendarHandler.swift */ = {isa = PBXFileReference; lastKnownFileType = sourcecode.swift; path = CalendarHandler.swift; sourceTree = "<group>"; };
		343C7A4C221E5D6500032E69 /* CalendarViewController.swift */ = {isa = PBXFileReference; lastKnownFileType = sourcecode.swift; path = CalendarViewController.swift; sourceTree = "<group>"; };
		343E2EEC22238C3C001068C6 /* InitialViewController.swift */ = {isa = PBXFileReference; lastKnownFileType = sourcecode.swift; path = InitialViewController.swift; sourceTree = "<group>"; };
		343E2EEE222392E8001068C6 /* CalenderLocationPermissionViewController.swift */ = {isa = PBXFileReference; lastKnownFileType = sourcecode.swift; path = CalenderLocationPermissionViewController.swift; sourceTree = "<group>"; };
		343E2EF02223B0D0001068C6 /* WorkAddressSetupViewController.swift */ = {isa = PBXFileReference; lastKnownFileType = sourcecode.swift; path = WorkAddressSetupViewController.swift; sourceTree = "<group>"; };
		343FDFC42228B4BB00964A61 /* list.png */ = {isa = PBXFileReference; lastKnownFileType = image.png; path = list.png; sourceTree = "<group>"; };
		343FDFC52228B4BB00964A61 /* settings.png */ = {isa = PBXFileReference; lastKnownFileType = image.png; path = settings.png; sourceTree = "<group>"; };
		343FDFC62228B4BB00964A61 /* services.png */ = {isa = PBXFileReference; lastKnownFileType = image.png; path = services.png; sourceTree = "<group>"; };
		343FDFC72228B4BB00964A61 /* calendar.png */ = {isa = PBXFileReference; lastKnownFileType = image.png; path = calendar.png; sourceTree = "<group>"; };
		343FDFC82228B4BB00964A61 /* traffic.png */ = {isa = PBXFileReference; lastKnownFileType = image.png; path = traffic.png; sourceTree = "<group>"; };
		343FDFC92228B4BC00964A61 /* weather.png */ = {isa = PBXFileReference; lastKnownFileType = image.png; path = weather.png; sourceTree = "<group>"; };
		343FDFCA2228B4BC00964A61 /* sun.png */ = {isa = PBXFileReference; lastKnownFileType = image.png; path = sun.png; sourceTree = "<group>"; };
		343FDFCB2228B4BC00964A61 /* news.png */ = {isa = PBXFileReference; lastKnownFileType = image.png; path = news.png; sourceTree = "<group>"; };
		343FDFD62228B6DA00964A61 /* settings75.png */ = {isa = PBXFileReference; lastKnownFileType = image.png; path = settings75.png; sourceTree = "<group>"; };
		343FDFD72228B6DA00964A61 /* settings50.png */ = {isa = PBXFileReference; lastKnownFileType = image.png; path = settings50.png; sourceTree = "<group>"; };
		343FDFDA2228B7DB00964A61 /* services75.png */ = {isa = PBXFileReference; lastKnownFileType = image.png; path = services75.png; sourceTree = "<group>"; };
		343FDFDB2228B7DB00964A61 /* services50.png */ = {isa = PBXFileReference; lastKnownFileType = image.png; path = services50.png; sourceTree = "<group>"; };
		34507C3522480D1400ACCF8D /* iPhone3x.png */ = {isa = PBXFileReference; lastKnownFileType = image.png; path = iPhone3x.png; sourceTree = "<group>"; };
		34507C3622480D1400ACCF8D /* iPhone2x.png */ = {isa = PBXFileReference; lastKnownFileType = image.png; path = iPhone2x.png; sourceTree = "<group>"; };
		34507C3722480D1400ACCF8D /* main_icon.png */ = {isa = PBXFileReference; lastKnownFileType = image.png; path = main_icon.png; sourceTree = "<group>"; };
		346B7C96222DE32B007226FC /* NightlyCloudy.png */ = {isa = PBXFileReference; lastKnownFileType = image.png; path = NightlyCloudy.png; sourceTree = "<group>"; };
		346B7C97222DE32B007226FC /* windy.png */ = {isa = PBXFileReference; lastKnownFileType = image.png; path = windy.png; sourceTree = "<group>"; };
		346B7C98222DE32C007226FC /* partlyCloudy.png */ = {isa = PBXFileReference; lastKnownFileType = image.png; path = partlyCloudy.png; sourceTree = "<group>"; };
		346B7C99222DE32C007226FC /* sun.png */ = {isa = PBXFileReference; lastKnownFileType = image.png; path = sun.png; sourceTree = "<group>"; };
		346B7C9A222DE32D007226FC /* snowy.png */ = {isa = PBXFileReference; lastKnownFileType = image.png; path = snowy.png; sourceTree = "<group>"; };
		346B7C9B222DE32D007226FC /* Lightning.png */ = {isa = PBXFileReference; lastKnownFileType = image.png; path = Lightning.png; sourceTree = "<group>"; };
		346B7C9C222DE32E007226FC /* foggy.png */ = {isa = PBXFileReference; lastKnownFileType = image.png; path = foggy.png; sourceTree = "<group>"; };
		346B7C9D222DE32E007226FC /* rainy.png */ = {isa = PBXFileReference; lastKnownFileType = image.png; path = rainy.png; sourceTree = "<group>"; };
		346B7C9E222DE32E007226FC /* cloud.png */ = {isa = PBXFileReference; lastKnownFileType = image.png; path = cloud.png; sourceTree = "<group>"; };
		346B7C9F222DE32F007226FC /* night.png */ = {isa = PBXFileReference; lastKnownFileType = image.png; path = night.png; sourceTree = "<group>"; };
		346B7CAC222DF55C007226FC /* Day Weather BG.png */ = {isa = PBXFileReference; lastKnownFileType = image.png; path = "Day Weather BG.png"; sourceTree = "<group>"; };
		3474741C220A0D7900A82B2D /* MainViewController.swift */ = {isa = PBXFileReference; lastKnownFileType = sourcecode.swift; path = MainViewController.swift; sourceTree = "<group>"; };
		3481B1572241EFEC0079E3C6 /* NewsHandler.swift */ = {isa = PBXFileReference; lastKnownFileType = sourcecode.swift; path = NewsHandler.swift; sourceTree = "<group>"; };
		34A53E79221CFB0A001C640D /* TrafficHandler.swift */ = {isa = PBXFileReference; lastKnownFileType = sourcecode.swift; path = TrafficHandler.swift; sourceTree = "<group>"; };
		34A53E7B221D0483001C640D /* TrafficViewController.swift */ = {isa = PBXFileReference; lastKnownFileType = sourcecode.swift; path = TrafficViewController.swift; sourceTree = "<group>"; };
		34A7BD5B2243D14D005DEEE7 /* HomeViewController.swift */ = {isa = PBXFileReference; lastKnownFileType = sourcecode.swift; path = HomeViewController.swift; sourceTree = "<group>"; };
		34C34CBE2252D7AA000E009F /* SettingsViewController.swift */ = {isa = PBXFileReference; lastKnownFileType = sourcecode.swift; path = SettingsViewController.swift; sourceTree = "<group>"; };
		34C502BB225250BD005A5D25 /* TodayIntent.appex */ = {isa = PBXFileReference; explicitFileType = "wrapper.app-extension"; includeInIndex = 0; path = TodayIntent.appex; sourceTree = BUILT_PRODUCTS_DIR; };
		34C502BD225250BE005A5D25 /* IntentHandler.swift */ = {isa = PBXFileReference; lastKnownFileType = sourcecode.swift; path = IntentHandler.swift; sourceTree = "<group>"; };
		34C502BF225250BE005A5D25 /* Info.plist */ = {isa = PBXFileReference; lastKnownFileType = text.plist.xml; path = Info.plist; sourceTree = "<group>"; };
		34C502C4225250BE005A5D25 /* TodayIntentUI.appex */ = {isa = PBXFileReference; explicitFileType = "wrapper.app-extension"; includeInIndex = 0; path = TodayIntentUI.appex; sourceTree = BUILT_PRODUCTS_DIR; };
		34C502C5225250BE005A5D25 /* IntentsUI.framework */ = {isa = PBXFileReference; lastKnownFileType = wrapper.framework; name = IntentsUI.framework; path = System/Library/Frameworks/IntentsUI.framework; sourceTree = SDKROOT; };
		34C502C8225250BE005A5D25 /* IntentViewController.swift */ = {isa = PBXFileReference; lastKnownFileType = sourcecode.swift; path = IntentViewController.swift; sourceTree = "<group>"; };
		34C502CB225250BE005A5D25 /* Base */ = {isa = PBXFileReference; lastKnownFileType = file.storyboard; name = Base; path = Base.lproj/MainInterface.storyboard; sourceTree = "<group>"; };
		34C502CD225250BE005A5D25 /* Info.plist */ = {isa = PBXFileReference; lastKnownFileType = text.plist.xml; path = Info.plist; sourceTree = "<group>"; };
		34C502DB22525125005A5D25 /* Intents.intentdefinition */ = {isa = PBXFileReference; lastKnownFileType = file.intentdefinition; path = Intents.intentdefinition; sourceTree = "<group>"; };
		34C502DF225254EE005A5D25 /* MyDayIntentHandler.swift */ = {isa = PBXFileReference; lastKnownFileType = sourcecode.swift; path = MyDayIntentHandler.swift; sourceTree = "<group>"; };
		34CC0C9F2242D328006AD340 /* NewsTableViewController.swift */ = {isa = PBXFileReference; lastKnownFileType = sourcecode.swift; path = NewsTableViewController.swift; sourceTree = "<group>"; };
		34CC0CA122431F50006AD340 /* newsBlack.png */ = {isa = PBXFileReference; lastKnownFileType = image.png; path = newsBlack.png; sourceTree = "<group>"; };
		34DE4FD221F59236002004E2 /* uToday.app */ = {isa = PBXFileReference; explicitFileType = wrapper.application; includeInIndex = 0; path = uToday.app; sourceTree = BUILT_PRODUCTS_DIR; };
		34DE4FD521F59236002004E2 /* AppDelegate.swift */ = {isa = PBXFileReference; lastKnownFileType = sourcecode.swift; path = AppDelegate.swift; sourceTree = "<group>"; };
		34DE4FDA21F59236002004E2 /* Base */ = {isa = PBXFileReference; lastKnownFileType = file.storyboard; name = Base; path = Base.lproj/Main.storyboard; sourceTree = "<group>"; };
		34DE4FDC21F59236002004E2 /* Assets.xcassets */ = {isa = PBXFileReference; lastKnownFileType = folder.assetcatalog; path = Assets.xcassets; sourceTree = "<group>"; };
		34DE4FDF21F59236002004E2 /* Base */ = {isa = PBXFileReference; lastKnownFileType = file.storyboard; name = Base; path = Base.lproj/LaunchScreen.storyboard; sourceTree = "<group>"; };
		34DE4FE121F59236002004E2 /* Info.plist */ = {isa = PBXFileReference; lastKnownFileType = text.plist.xml; path = Info.plist; sourceTree = "<group>"; };
		34DE4FEF21F598AD002004E2 /* uToday.entitlements */ = {isa = PBXFileReference; lastKnownFileType = text.plist.entitlements; path = uToday.entitlements; sourceTree = "<group>"; };
		34DE4FF321F64169002004E2 /* LocalDataHandler.swift */ = {isa = PBXFileReference; lastKnownFileType = sourcecode.swift; path = LocalDataHandler.swift; sourceTree = "<group>"; };
		34DE4FF521F6417D002004E2 /* CloudDataHandler.swift */ = {isa = PBXFileReference; lastKnownFileType = sourcecode.swift; path = CloudDataHandler.swift; sourceTree = "<group>"; };
		34DF60C92242BFB9008DC9B6 /* NewsTableViewCell.swift */ = {isa = PBXFileReference; lastKnownFileType = sourcecode.swift; path = NewsTableViewCell.swift; sourceTree = "<group>"; };
		34E06FE2225AFBAF00E87762 /* HomeAddressSetupViewController.swift */ = {isa = PBXFileReference; lastKnownFileType = sourcecode.swift; path = HomeAddressSetupViewController.swift; sourceTree = "<group>"; };
		34E11F9A22109AD7002B8D46 /* WeatherHandler.swift */ = {isa = PBXFileReference; fileEncoding = 4; lastKnownFileType = sourcecode.swift; path = WeatherHandler.swift; sourceTree = "<group>"; };
		34EE16D322246632000EF3D6 /* MainScreen.png */ = {isa = PBXFileReference; lastKnownFileType = image.png; path = MainScreen.png; sourceTree = "<group>"; };
		34F0C0262251C2B200F2BD09 /* box.png */ = {isa = PBXFileReference; lastKnownFileType = image.png; path = box.png; sourceTree = "<group>"; };
		34F0C0272251C2B200F2BD09 /* Box 50.png */ = {isa = PBXFileReference; lastKnownFileType = image.png; path = "Box 50.png"; sourceTree = "<group>"; };
		34FE11BA2224B00B00DCAD94 /* siriSetupViewController.swift */ = {isa = PBXFileReference; lastKnownFileType = sourcecode.swift; path = siriSetupViewController.swift; sourceTree = "<group>"; };
		3C033A2A71641770EDE87F6F /* Pods-uToday.debug.xcconfig */ = {isa = PBXFileReference; includeInIndex = 1; lastKnownFileType = text.xcconfig; name = "Pods-uToday.debug.xcconfig"; path = "Target Support Files/Pods-uToday/Pods-uToday.debug.xcconfig"; sourceTree = "<group>"; };
		502E55D1A58873C3D72E49FD /* Pods_uToday.framework */ = {isa = PBXFileReference; explicitFileType = wrapper.framework; includeInIndex = 0; path = Pods_uToday.framework; sourceTree = BUILT_PRODUCTS_DIR; };
		61555D0C66EC98959388A0B2 /* Pods-TodayIntentUI.debug.xcconfig */ = {isa = PBXFileReference; includeInIndex = 1; lastKnownFileType = text.xcconfig; name = "Pods-TodayIntentUI.debug.xcconfig"; path = "Target Support Files/Pods-TodayIntentUI/Pods-TodayIntentUI.debug.xcconfig"; sourceTree = "<group>"; };
		A44DAA7AE586116A685A7557 /* Pods-TodayIntent.release.xcconfig */ = {isa = PBXFileReference; includeInIndex = 1; lastKnownFileType = text.xcconfig; name = "Pods-TodayIntent.release.xcconfig"; path = "Target Support Files/Pods-TodayIntent/Pods-TodayIntent.release.xcconfig"; sourceTree = "<group>"; };
		A766D9E84F804478D2316AA4 /* Pods_TodayIntentUI.framework */ = {isa = PBXFileReference; explicitFileType = wrapper.framework; includeInIndex = 0; path = Pods_TodayIntentUI.framework; sourceTree = BUILT_PRODUCTS_DIR; };
		ADD1F41DC202A050A84A2B30 /* Pods-uToday.release.xcconfig */ = {isa = PBXFileReference; includeInIndex = 1; lastKnownFileType = text.xcconfig; name = "Pods-uToday.release.xcconfig"; path = "Target Support Files/Pods-uToday/Pods-uToday.release.xcconfig"; sourceTree = "<group>"; };
		CA76F9A626481F3CCB36699A /* Pods_TodayIntent.framework */ = {isa = PBXFileReference; explicitFileType = wrapper.framework; includeInIndex = 0; path = Pods_TodayIntent.framework; sourceTree = BUILT_PRODUCTS_DIR; };
/* End PBXFileReference section */

/* Begin PBXFrameworksBuildPhase section */
		34C502B8225250BD005A5D25 /* Frameworks */ = {
			isa = PBXFrameworksBuildPhase;
			buildActionMask = 2147483647;
			files = (
				342CD169225269DF0057EDDB /* CoreLocation.framework in Frameworks */,
				EDB4B1C51512D14883838F7E /* Pods_TodayIntent.framework in Frameworks */,
			);
			runOnlyForDeploymentPostprocessing = 0;
		};
		34C502C1225250BE005A5D25 /* Frameworks */ = {
			isa = PBXFrameworksBuildPhase;
			buildActionMask = 2147483647;
			files = (
				342CD16A225269E80057EDDB /* CoreLocation.framework in Frameworks */,
				34C502C6225250BE005A5D25 /* IntentsUI.framework in Frameworks */,
				B4E825FF31B4A0D616189997 /* Pods_TodayIntentUI.framework in Frameworks */,
			);
			runOnlyForDeploymentPostprocessing = 0;
		};
		34DE4FCF21F59236002004E2 /* Frameworks */ = {
			isa = PBXFrameworksBuildPhase;
			buildActionMask = 2147483647;
			files = (
				8B528B3B739617547266E845 /* Pods_uToday.framework in Frameworks */,
			);
			runOnlyForDeploymentPostprocessing = 0;
		};
/* End PBXFrameworksBuildPhase section */

/* Begin PBXGroup section */
		3419F2E52211FE3500EC49E8 /* Weather Icons */ = {
			isa = PBXGroup;
			children = (
				346B7C9E222DE32E007226FC /* cloud.png */,
				346B7C9C222DE32E007226FC /* foggy.png */,
				346B7C9B222DE32D007226FC /* Lightning.png */,
				346B7C9F222DE32F007226FC /* night.png */,
				346B7C96222DE32B007226FC /* NightlyCloudy.png */,
				346B7C98222DE32C007226FC /* partlyCloudy.png */,
				346B7C9D222DE32E007226FC /* rainy.png */,
				346B7C9A222DE32D007226FC /* snowy.png */,
				346B7C99222DE32C007226FC /* sun.png */,
				346B7C97222DE32B007226FC /* windy.png */,
			);
			path = "Weather Icons";
			sourceTree = "<group>";
		};
		343E2EEA2223781F001068C6 /* Main App */ = {
			isa = PBXGroup;
			children = (
				3474741C220A0D7900A82B2D /* MainViewController.swift */,
				34393DF422122EBB00229F0D /* WeatherViewController.swift */,
				34A53E7B221D0483001C640D /* TrafficViewController.swift */,
				343C7A4C221E5D6500032E69 /* CalendarViewController.swift */,
				34CC0C9F2242D328006AD340 /* NewsTableViewController.swift */,
				34A7BD5B2243D14D005DEEE7 /* HomeViewController.swift */,
				34C34CBE2252D7AA000E009F /* SettingsViewController.swift */,
			);
			path = "Main App";
			sourceTree = "<group>";
		};
		343E2EEB22237836001068C6 /* Setup */ = {
			isa = PBXGroup;
			children = (
				343E2EEC22238C3C001068C6 /* InitialViewController.swift */,
				343E2EEE222392E8001068C6 /* CalenderLocationPermissionViewController.swift */,
				343E2EF02223B0D0001068C6 /* WorkAddressSetupViewController.swift */,
				34FE11BA2224B00B00DCAD94 /* siriSetupViewController.swift */,
				34E06FE2225AFBAF00E87762 /* HomeAddressSetupViewController.swift */,
			);
			path = Setup;
			sourceTree = "<group>";
		};
		343FDFC32228B49600964A61 /* Services */ = {
			isa = PBXGroup;
			children = (
				343FDFD52228B6BD00964A61 /* Scaled */,
				343FDFD42228B6B200964A61 /* RAW */,
				343FDFC72228B4BB00964A61 /* calendar.png */,
				343FDFC42228B4BB00964A61 /* list.png */,
				343FDFCB2228B4BC00964A61 /* news.png */,
				343FDFC62228B4BB00964A61 /* services.png */,
				343FDFC52228B4BB00964A61 /* settings.png */,
				343FDFCA2228B4BC00964A61 /* sun.png */,
				343FDFC82228B4BB00964A61 /* traffic.png */,
				343FDFC92228B4BC00964A61 /* weather.png */,
			);
			path = Services;
			sourceTree = "<group>";
		};
		343FDFD42228B6B200964A61 /* RAW */ = {
			isa = PBXGroup;
			children = (
				34CC0CA122431F50006AD340 /* newsBlack.png */,
			);
			path = RAW;
			sourceTree = "<group>";
		};
		343FDFD52228B6BD00964A61 /* Scaled */ = {
			isa = PBXGroup;
			children = (
				34F0C0272251C2B200F2BD09 /* Box 50.png */,
				34F0C0262251C2B200F2BD09 /* box.png */,
				343FDFDB2228B7DB00964A61 /* services50.png */,
				343FDFDA2228B7DB00964A61 /* services75.png */,
				343FDFD72228B6DA00964A61 /* settings50.png */,
				343FDFD62228B6DA00964A61 /* settings75.png */,
			);
			path = Scaled;
			sourceTree = "<group>";
		};
		34507C3422480CCE00ACCF8D /* App Icons */ = {
			isa = PBXGroup;
			children = (
				34507C3622480D1400ACCF8D /* iPhone2x.png */,
				34507C3522480D1400ACCF8D /* iPhone3x.png */,
				34507C3722480D1400ACCF8D /* main_icon.png */,
			);
			path = "App Icons";
			sourceTree = "<group>";
		};
		34A53E77221CFAE3001C640D /* Services */ = {
			isa = PBXGroup;
			children = (
				343C7A4A221E596B00032E69 /* CalendarHandler.swift */,
				34A53E79221CFB0A001C640D /* TrafficHandler.swift */,
				34E11F9A22109AD7002B8D46 /* WeatherHandler.swift */,
				3481B1572241EFEC0079E3C6 /* NewsHandler.swift */,
			);
			path = Services;
			sourceTree = "<group>";
		};
		34A53E78221CFAEE001C640D /* Functionality */ = {
			isa = PBXGroup;
			children = (
				34393DF82213E6AC00229F0D /* ServiceHandler.swift */,
				34DE4FF321F64169002004E2 /* LocalDataHandler.swift */,
				34DE4FF521F6417D002004E2 /* CloudDataHandler.swift */,
				342CD16622525E280057EDDB /* VoiceShortcutsManager.swift */,
			);
			path = Functionality;
			sourceTree = "<group>";
		};
		34C502BC225250BE005A5D25 /* TodayIntent */ = {
			isa = PBXGroup;
			children = (
				342CD16B22526F230057EDDB /* TodayIntent.entitlements */,
				34C502BD225250BE005A5D25 /* IntentHandler.swift */,
				34C502BF225250BE005A5D25 /* Info.plist */,
				34C502DF225254EE005A5D25 /* MyDayIntentHandler.swift */,
			);
			path = TodayIntent;
			sourceTree = "<group>";
		};
		34C502C7225250BE005A5D25 /* TodayIntentUI */ = {
			isa = PBXGroup;
			children = (
				342CD16C22526F2C0057EDDB /* TodayIntentUI.entitlements */,
				34C502C8225250BE005A5D25 /* IntentViewController.swift */,
				34C502CA225250BE005A5D25 /* MainInterface.storyboard */,
				34C502CD225250BE005A5D25 /* Info.plist */,
			);
			path = TodayIntentUI;
			sourceTree = "<group>";
		};
		34DE4FC921F59236002004E2 = {
			isa = PBXGroup;
			children = (
				2E480B5123787B7800F31FE0 /* .swiftlint.yml */,
				34C502DB22525125005A5D25 /* Intents.intentdefinition */,
				34DE4FD421F59236002004E2 /* uToday */,
				34C502BC225250BE005A5D25 /* TodayIntent */,
				34C502C7225250BE005A5D25 /* TodayIntentUI */,
				34DE4FD321F59236002004E2 /* Products */,
				BE210E487F1152A940BD4741 /* Frameworks */,
				9D453D89EE8F8C53AE51BC03 /* Pods */,
			);
			sourceTree = "<group>";
		};
		34DE4FD321F59236002004E2 /* Products */ = {
			isa = PBXGroup;
			children = (
				34DE4FD221F59236002004E2 /* uToday.app */,
				34C502BB225250BD005A5D25 /* TodayIntent.appex */,
				34C502C4225250BE005A5D25 /* TodayIntentUI.appex */,
			);
			name = Products;
			sourceTree = "<group>";
		};
		34DE4FD421F59236002004E2 /* uToday */ = {
			isa = PBXGroup;
			children = (
				34DE4FEF21F598AD002004E2 /* uToday.entitlements */,
				34DE4FEE21F5979F002004E2 /* Views */,
				34DE4FEA21F596D1002004E2 /* Code */,
				34DE4FE721F59668002004E2 /* Resources */,
				34DE4FE121F59236002004E2 /* Info.plist */,
			);
			path = uToday;
			sourceTree = "<group>";
		};
		34DE4FE721F59668002004E2 /* Resources */ = {
			isa = PBXGroup;
			children = (
				34DE4FDC21F59236002004E2 /* Assets.xcassets */,
				34DE4FE921F5968B002004E2 /* Images */,
				34DE4FE821F59682002004E2 /* Icons */,
			);
			path = Resources;
			sourceTree = "<group>";
		};
		34DE4FE821F59682002004E2 /* Icons */ = {
			isa = PBXGroup;
			children = (
				34507C3422480CCE00ACCF8D /* App Icons */,
				343FDFC32228B49600964A61 /* Services */,
				3419F2E52211FE3500EC49E8 /* Weather Icons */,
			);
			path = Icons;
			sourceTree = "<group>";
		};
		34DE4FE921F5968B002004E2 /* Images */ = {
			isa = PBXGroup;
			children = (
				34EE16D222246615000EF3D6 /* Screen Images */,
			);
			path = Images;
			sourceTree = "<group>";
		};
		34DE4FEA21F596D1002004E2 /* Code */ = {
			isa = PBXGroup;
			children = (
				34DE4FED21F59717002004E2 /* Other */,
				34DE4FEC21F5970A002004E2 /* Handlers (Data) */,
				34DE4FEB21F596DB002004E2 /* View Controllers */,
			);
			path = Code;
			sourceTree = "<group>";
		};
		34DE4FEB21F596DB002004E2 /* View Controllers */ = {
			isa = PBXGroup;
			children = (
				343E2EEB22237836001068C6 /* Setup */,
				343E2EEA2223781F001068C6 /* Main App */,
			);
			path = "View Controllers";
			sourceTree = "<group>";
		};
		34DE4FEC21F5970A002004E2 /* Handlers (Data) */ = {
			isa = PBXGroup;
			children = (
				34A53E78221CFAEE001C640D /* Functionality */,
				34A53E77221CFAE3001C640D /* Services */,
			);
			path = "Handlers (Data)";
			sourceTree = "<group>";
		};
		34DE4FED21F59717002004E2 /* Other */ = {
			isa = PBXGroup;
			children = (
				34DE4FD521F59236002004E2 /* AppDelegate.swift */,
				34393DF6221388D200229F0D /* ModuleTableViewCell.swift */,
				3432139F223F5A5600808496 /* CalendarTableViewCell.swift */,
				34DF60C92242BFB9008DC9B6 /* NewsTableViewCell.swift */,
			);
			path = Other;
			sourceTree = "<group>";
		};
		34DE4FEE21F5979F002004E2 /* Views */ = {
			isa = PBXGroup;
			children = (
				34DE4FD921F59236002004E2 /* Main.storyboard */,
				34DE4FDE21F59236002004E2 /* LaunchScreen.storyboard */,
			);
			path = Views;
			sourceTree = "<group>";
		};
		34EE16D222246615000EF3D6 /* Screen Images */ = {
			isa = PBXGroup;
			children = (
				34120C9B222F49C30051C11A /* Main Selection Background.png */,
				346B7CAC222DF55C007226FC /* Day Weather BG.png */,
				34120C97222F40980051C11A /* Night Background.png */,
				34EE16D322246632000EF3D6 /* MainScreen.png */,
			);
			path = "Screen Images";
			sourceTree = "<group>";
		};
		9D453D89EE8F8C53AE51BC03 /* Pods */ = {
			isa = PBXGroup;
			children = (
				07C436442A2D5D30FE9E2832 /* Pods-TodayIntent.debug.xcconfig */,
				A44DAA7AE586116A685A7557 /* Pods-TodayIntent.release.xcconfig */,
				61555D0C66EC98959388A0B2 /* Pods-TodayIntentUI.debug.xcconfig */,
				1FDD963CB06E00A63D1E47AD /* Pods-TodayIntentUI.release.xcconfig */,
				3C033A2A71641770EDE87F6F /* Pods-uToday.debug.xcconfig */,
				ADD1F41DC202A050A84A2B30 /* Pods-uToday.release.xcconfig */,
			);
			path = Pods;
			sourceTree = "<group>";
		};
		BE210E487F1152A940BD4741 /* Frameworks */ = {
			isa = PBXGroup;
			children = (
				342CD168225269DF0057EDDB /* CoreLocation.framework */,
				34C502C5225250BE005A5D25 /* IntentsUI.framework */,
				CA76F9A626481F3CCB36699A /* Pods_TodayIntent.framework */,
				A766D9E84F804478D2316AA4 /* Pods_TodayIntentUI.framework */,
				502E55D1A58873C3D72E49FD /* Pods_uToday.framework */,
			);
			name = Frameworks;
			sourceTree = "<group>";
		};
/* End PBXGroup section */

/* Begin PBXNativeTarget section */
		34C502BA225250BD005A5D25 /* TodayIntent */ = {
			isa = PBXNativeTarget;
			buildConfigurationList = 34C502D7225250BE005A5D25 /* Build configuration list for PBXNativeTarget "TodayIntent" */;
			buildPhases = (
				124D33DD647D2BE82C80B0AD /* [CP] Check Pods Manifest.lock */,
				34C502B7225250BD005A5D25 /* Sources */,
				34C502B8225250BD005A5D25 /* Frameworks */,
				34C502B9225250BD005A5D25 /* Resources */,
			);
			buildRules = (
			);
			dependencies = (
			);
			name = TodayIntent;
			productName = TodayIntent;
			productReference = 34C502BB225250BD005A5D25 /* TodayIntent.appex */;
			productType = "com.apple.product-type.app-extension";
		};
		34C502C3225250BE005A5D25 /* TodayIntentUI */ = {
			isa = PBXNativeTarget;
			buildConfigurationList = 34C502D4225250BE005A5D25 /* Build configuration list for PBXNativeTarget "TodayIntentUI" */;
			buildPhases = (
				FA36B2862D9D5D3E93B62B85 /* [CP] Check Pods Manifest.lock */,
				34C502C0225250BE005A5D25 /* Sources */,
				34C502C1225250BE005A5D25 /* Frameworks */,
				34C502C2225250BE005A5D25 /* Resources */,
			);
			buildRules = (
			);
			dependencies = (
			);
			name = TodayIntentUI;
			productName = TodayIntentUI;
			productReference = 34C502C4225250BE005A5D25 /* TodayIntentUI.appex */;
			productType = "com.apple.product-type.app-extension";
		};
		34DE4FD121F59236002004E2 /* uToday */ = {
			isa = PBXNativeTarget;
			buildConfigurationList = 34DE4FE421F59237002004E2 /* Build configuration list for PBXNativeTarget "uToday" */;
			buildPhases = (
				6D1707F74DC89886406C8057 /* [CP] Check Pods Manifest.lock */,
				34DE4FCE21F59236002004E2 /* Sources */,
				34DE4FCF21F59236002004E2 /* Frameworks */,
				34DE4FD021F59236002004E2 /* Resources */,
				34C502DA225250BE005A5D25 /* Embed App Extensions */,
				6979441B512A4AFEC9BB1018 /* [CP] Embed Pods Frameworks */,
				2E480B5323787BD200F31FE0 /* ShellScript */,
			);
			buildRules = (
			);
			dependencies = (
				34C502CF225250BE005A5D25 /* PBXTargetDependency */,
				34C502D2225250BE005A5D25 /* PBXTargetDependency */,
			);
			name = uToday;
			productName = uToday;
			productReference = 34DE4FD221F59236002004E2 /* uToday.app */;
			productType = "com.apple.product-type.application";
		};
/* End PBXNativeTarget section */

/* Begin PBXProject section */
		34DE4FCA21F59236002004E2 /* Project object */ = {
			isa = PBXProject;
			attributes = {
				LastSwiftUpdateCheck = 1020;
				LastUpgradeCheck = 1010;
				ORGANIZATIONNAME = "Matthew Jagiela";
				TargetAttributes = {
					34C502BA225250BD005A5D25 = {
						CreatedOnToolsVersion = 10.2;
						SystemCapabilities = {
							com.apple.ApplicationGroups.iOS = {
								enabled = 1;
							};
						};
					};
					34C502C3225250BE005A5D25 = {
						CreatedOnToolsVersion = 10.2;
						SystemCapabilities = {
							com.apple.ApplicationGroups.iOS = {
								enabled = 1;
							};
						};
					};
					34DE4FD121F59236002004E2 = {
						CreatedOnToolsVersion = 10.1;
						SystemCapabilities = {
							com.apple.ApplicationGroups.iOS = {
								enabled = 1;
							};
							com.apple.Push = {
								enabled = 1;
							};
							com.apple.Siri = {
								enabled = 1;
							};
							com.apple.iCloud = {
								enabled = 1;
							};
						};
					};
				};
			};
			buildConfigurationList = 34DE4FCD21F59236002004E2 /* Build configuration list for PBXProject "uToday" */;
			compatibilityVersion = "Xcode 9.3";
			developmentRegion = en;
			hasScannedForEncodings = 0;
			knownRegions = (
				en,
				Base,
			);
			mainGroup = 34DE4FC921F59236002004E2;
			productRefGroup = 34DE4FD321F59236002004E2 /* Products */;
			projectDirPath = "";
			projectRoot = "";
			targets = (
				34DE4FD121F59236002004E2 /* uToday */,
				34C502BA225250BD005A5D25 /* TodayIntent */,
				34C502C3225250BE005A5D25 /* TodayIntentUI */,
			);
		};
/* End PBXProject section */

/* Begin PBXResourcesBuildPhase section */
		34C502B9225250BD005A5D25 /* Resources */ = {
			isa = PBXResourcesBuildPhase;
			buildActionMask = 2147483647;
			files = (
			);
			runOnlyForDeploymentPostprocessing = 0;
		};
		34C502C2225250BE005A5D25 /* Resources */ = {
			isa = PBXResourcesBuildPhase;
			buildActionMask = 2147483647;
			files = (
				34C502CC225250BE005A5D25 /* MainInterface.storyboard in Resources */,
			);
			runOnlyForDeploymentPostprocessing = 0;
		};
		34DE4FD021F59236002004E2 /* Resources */ = {
			isa = PBXResourcesBuildPhase;
			buildActionMask = 2147483647;
			files = (
				346B7CA6222DE32F007226FC /* foggy.png in Resources */,
				343FDFD92228B6DA00964A61 /* settings50.png in Resources */,
				343FDFD12228B4BD00964A61 /* weather.png in Resources */,
				343FDFCC2228B4BD00964A61 /* list.png in Resources */,
				346B7CAD222DF55D007226FC /* Day Weather BG.png in Resources */,
				34CC0CA222431F51006AD340 /* newsBlack.png in Resources */,
				34507C3922480D1500ACCF8D /* iPhone2x.png in Resources */,
				34DE4FE021F59236002004E2 /* LaunchScreen.storyboard in Resources */,
				346B7CA0222DE32F007226FC /* NightlyCloudy.png in Resources */,
				34DE4FDD21F59236002004E2 /* Assets.xcassets in Resources */,
				2E480B5223787B7800F31FE0 /* .swiftlint.yml in Resources */,
				346B7CA7222DE32F007226FC /* rainy.png in Resources */,
				343FDFD22228B4BD00964A61 /* sun.png in Resources */,
				34F0C0282251C2B200F2BD09 /* box.png in Resources */,
				34507C3822480D1500ACCF8D /* iPhone3x.png in Resources */,
				34507C3A22480D1500ACCF8D /* main_icon.png in Resources */,
				346B7CA4222DE32F007226FC /* snowy.png in Resources */,
				346B7CA8222DE32F007226FC /* cloud.png in Resources */,
				34F0C0292251C2B200F2BD09 /* Box 50.png in Resources */,
				346B7CA5222DE32F007226FC /* Lightning.png in Resources */,
				34120C98222F40980051C11A /* Night Background.png in Resources */,
				343FDFD02228B4BD00964A61 /* traffic.png in Resources */,
				343FDFCD2228B4BD00964A61 /* settings.png in Resources */,
				343FDFCF2228B4BD00964A61 /* calendar.png in Resources */,
				343FDFD32228B4BD00964A61 /* news.png in Resources */,
				346B7CA2222DE32F007226FC /* partlyCloudy.png in Resources */,
				343FDFDD2228B7DB00964A61 /* services50.png in Resources */,
				34EE16D422246632000EF3D6 /* MainScreen.png in Resources */,
				346B7CA1222DE32F007226FC /* windy.png in Resources */,
				34DE4FDB21F59236002004E2 /* Main.storyboard in Resources */,
				34120C9C222F49C30051C11A /* Main Selection Background.png in Resources */,
				343FDFCE2228B4BD00964A61 /* services.png in Resources */,
				343FDFDC2228B7DB00964A61 /* services75.png in Resources */,
				346B7CA9222DE32F007226FC /* night.png in Resources */,
				343FDFD82228B6DA00964A61 /* settings75.png in Resources */,
			);
			runOnlyForDeploymentPostprocessing = 0;
		};
/* End PBXResourcesBuildPhase section */

/* Begin PBXShellScriptBuildPhase section */
		124D33DD647D2BE82C80B0AD /* [CP] Check Pods Manifest.lock */ = {
			isa = PBXShellScriptBuildPhase;
			buildActionMask = 2147483647;
			files = (
			);
			inputFileListPaths = (
			);
			inputPaths = (
				"${PODS_PODFILE_DIR_PATH}/Podfile.lock",
				"${PODS_ROOT}/Manifest.lock",
			);
			name = "[CP] Check Pods Manifest.lock";
			outputFileListPaths = (
			);
			outputPaths = (
				"$(DERIVED_FILE_DIR)/Pods-TodayIntent-checkManifestLockResult.txt",
			);
			runOnlyForDeploymentPostprocessing = 0;
			shellPath = /bin/sh;
			shellScript = "diff \"${PODS_PODFILE_DIR_PATH}/Podfile.lock\" \"${PODS_ROOT}/Manifest.lock\" > /dev/null\nif [ $? != 0 ] ; then\n    # print error to STDERR\n    echo \"error: The sandbox is not in sync with the Podfile.lock. Run 'pod install' or update your CocoaPods installation.\" >&2\n    exit 1\nfi\n# This output is used by Xcode 'outputs' to avoid re-running this script phase.\necho \"SUCCESS\" > \"${SCRIPT_OUTPUT_FILE_0}\"\n";
			showEnvVarsInLog = 0;
		};
		2E480B5323787BD200F31FE0 /* ShellScript */ = {
			isa = PBXShellScriptBuildPhase;
			buildActionMask = 2147483647;
			files = (
			);
			inputFileListPaths = (
			);
			inputPaths = (
			);
			outputFileListPaths = (
			);
			outputPaths = (
			);
			runOnlyForDeploymentPostprocessing = 0;
			shellPath = /bin/sh;
			shellScript = "# Type a script or drag a script file from your workspace to insert its path.\n\"${PODS_ROOT}/SwiftLint/swiftlint\"\n";
		};
		6979441B512A4AFEC9BB1018 /* [CP] Embed Pods Frameworks */ = {
			isa = PBXShellScriptBuildPhase;
			buildActionMask = 2147483647;
			files = (
			);
			inputFileListPaths = (
				"${PODS_ROOT}/Target Support Files/Pods-uToday/Pods-uToday-frameworks-${CONFIGURATION}-input-files.xcfilelist",
			);
			name = "[CP] Embed Pods Frameworks";
			outputFileListPaths = (
				"${PODS_ROOT}/Target Support Files/Pods-uToday/Pods-uToday-frameworks-${CONFIGURATION}-output-files.xcfilelist",
			);
			runOnlyForDeploymentPostprocessing = 0;
			shellPath = /bin/sh;
			shellScript = "\"${PODS_ROOT}/Target Support Files/Pods-uToday/Pods-uToday-frameworks.sh\"\n";
			showEnvVarsInLog = 0;
		};
		6D1707F74DC89886406C8057 /* [CP] Check Pods Manifest.lock */ = {
			isa = PBXShellScriptBuildPhase;
			buildActionMask = 2147483647;
			files = (
			);
			inputFileListPaths = (
			);
			inputPaths = (
				"${PODS_PODFILE_DIR_PATH}/Podfile.lock",
				"${PODS_ROOT}/Manifest.lock",
			);
			name = "[CP] Check Pods Manifest.lock";
			outputFileListPaths = (
			);
			outputPaths = (
				"$(DERIVED_FILE_DIR)/Pods-uToday-checkManifestLockResult.txt",
			);
			runOnlyForDeploymentPostprocessing = 0;
			shellPath = /bin/sh;
			shellScript = "diff \"${PODS_PODFILE_DIR_PATH}/Podfile.lock\" \"${PODS_ROOT}/Manifest.lock\" > /dev/null\nif [ $? != 0 ] ; then\n    # print error to STDERR\n    echo \"error: The sandbox is not in sync with the Podfile.lock. Run 'pod install' or update your CocoaPods installation.\" >&2\n    exit 1\nfi\n# This output is used by Xcode 'outputs' to avoid re-running this script phase.\necho \"SUCCESS\" > \"${SCRIPT_OUTPUT_FILE_0}\"\n";
			showEnvVarsInLog = 0;
		};
		FA36B2862D9D5D3E93B62B85 /* [CP] Check Pods Manifest.lock */ = {
			isa = PBXShellScriptBuildPhase;
			buildActionMask = 2147483647;
			files = (
			);
			inputFileListPaths = (
			);
			inputPaths = (
				"${PODS_PODFILE_DIR_PATH}/Podfile.lock",
				"${PODS_ROOT}/Manifest.lock",
			);
			name = "[CP] Check Pods Manifest.lock";
			outputFileListPaths = (
			);
			outputPaths = (
				"$(DERIVED_FILE_DIR)/Pods-TodayIntentUI-checkManifestLockResult.txt",
			);
			runOnlyForDeploymentPostprocessing = 0;
			shellPath = /bin/sh;
			shellScript = "diff \"${PODS_PODFILE_DIR_PATH}/Podfile.lock\" \"${PODS_ROOT}/Manifest.lock\" > /dev/null\nif [ $? != 0 ] ; then\n    # print error to STDERR\n    echo \"error: The sandbox is not in sync with the Podfile.lock. Run 'pod install' or update your CocoaPods installation.\" >&2\n    exit 1\nfi\n# This output is used by Xcode 'outputs' to avoid re-running this script phase.\necho \"SUCCESS\" > \"${SCRIPT_OUTPUT_FILE_0}\"\n";
			showEnvVarsInLog = 0;
		};
/* End PBXShellScriptBuildPhase section */

/* Begin PBXSourcesBuildPhase section */
		34C502B7225250BD005A5D25 /* Sources */ = {
			isa = PBXSourcesBuildPhase;
			buildActionMask = 2147483647;
			files = (
				34C502DD2252542B005A5D25 /* Intents.intentdefinition in Sources */,
				34C502ED225255DE005A5D25 /* NewsHandler.swift in Sources */,
				34C502E3225255CB005A5D25 /* LocalDataHandler.swift in Sources */,
				34C502BE225250BE005A5D25 /* IntentHandler.swift in Sources */,
				34C502E1225255A7005A5D25 /* ServiceHandler.swift in Sources */,
				34C502E9225255D7005A5D25 /* TrafficHandler.swift in Sources */,
				34C502E5225255CF005A5D25 /* CloudDataHandler.swift in Sources */,
				34C502E7225255D3005A5D25 /* CalendarHandler.swift in Sources */,
				34C502EB225255DA005A5D25 /* WeatherHandler.swift in Sources */,
				34C502E0225254EE005A5D25 /* MyDayIntentHandler.swift in Sources */,
			);
			runOnlyForDeploymentPostprocessing = 0;
		};
		34C502C0225250BE005A5D25 /* Sources */ = {
			isa = PBXSourcesBuildPhase;
			buildActionMask = 2147483647;
			files = (
				34C502E4225255CB005A5D25 /* LocalDataHandler.swift in Sources */,
				34C502DE2252542C005A5D25 /* Intents.intentdefinition in Sources */,
				34C502E2225255A8005A5D25 /* ServiceHandler.swift in Sources */,
				34C502EA225255D7005A5D25 /* TrafficHandler.swift in Sources */,
				34C502E6225255D0005A5D25 /* CloudDataHandler.swift in Sources */,
				34C502EE225255DE005A5D25 /* NewsHandler.swift in Sources */,
				34C502EC225255DB005A5D25 /* WeatherHandler.swift in Sources */,
				34C502E8225255D3005A5D25 /* CalendarHandler.swift in Sources */,
				34C502C9225250BE005A5D25 /* IntentViewController.swift in Sources */,
			);
			runOnlyForDeploymentPostprocessing = 0;
		};
		34DE4FCE21F59236002004E2 /* Sources */ = {
			isa = PBXSourcesBuildPhase;
			buildActionMask = 2147483647;
			files = (
				343C7A4D221E5D6500032E69 /* CalendarViewController.swift in Sources */,
				343E2EED22238C3C001068C6 /* InitialViewController.swift in Sources */,
				34DE4FF621F6417D002004E2 /* CloudDataHandler.swift in Sources */,
				34393DF522122EBB00229F0D /* WeatherViewController.swift in Sources */,
				34A53E7C221D0483001C640D /* TrafficViewController.swift in Sources */,
				34A7BD5C2243D14D005DEEE7 /* HomeViewController.swift in Sources */,
				3481B1582241EFEC0079E3C6 /* NewsHandler.swift in Sources */,
				34DE4FD621F59236002004E2 /* AppDelegate.swift in Sources */,
				34A53E7A221CFB0A001C640D /* TrafficHandler.swift in Sources */,
				34CC0CA02242D328006AD340 /* NewsTableViewController.swift in Sources */,
				34393DF7221388D200229F0D /* ModuleTableViewCell.swift in Sources */,
				343E2EF12223B0D0001068C6 /* WorkAddressSetupViewController.swift in Sources */,
				343E2EEF222392E8001068C6 /* CalenderLocationPermissionViewController.swift in Sources */,
				343C7A4B221E596B00032E69 /* CalendarHandler.swift in Sources */,
				342CD16722525E280057EDDB /* VoiceShortcutsManager.swift in Sources */,
				34C502DC22525125005A5D25 /* Intents.intentdefinition in Sources */,
				34E11F9B22109AD7002B8D46 /* WeatherHandler.swift in Sources */,
				34E06FE3225AFBAF00E87762 /* HomeAddressSetupViewController.swift in Sources */,
				34DE4FF421F64169002004E2 /* LocalDataHandler.swift in Sources */,
				34393DF92213E6AC00229F0D /* ServiceHandler.swift in Sources */,
				343213A0223F5A5600808496 /* CalendarTableViewCell.swift in Sources */,
				3474741D220A0D7900A82B2D /* MainViewController.swift in Sources */,
				34FE11BB2224B00B00DCAD94 /* siriSetupViewController.swift in Sources */,
				34DF60CA2242BFBA008DC9B6 /* NewsTableViewCell.swift in Sources */,
				34C34CBF2252D7AA000E009F /* SettingsViewController.swift in Sources */,
			);
			runOnlyForDeploymentPostprocessing = 0;
		};
/* End PBXSourcesBuildPhase section */

/* Begin PBXTargetDependency section */
		34C502CF225250BE005A5D25 /* PBXTargetDependency */ = {
			isa = PBXTargetDependency;
			target = 34C502C3225250BE005A5D25 /* TodayIntentUI */;
			targetProxy = 34C502CE225250BE005A5D25 /* PBXContainerItemProxy */;
		};
		34C502D2225250BE005A5D25 /* PBXTargetDependency */ = {
			isa = PBXTargetDependency;
			target = 34C502BA225250BD005A5D25 /* TodayIntent */;
			targetProxy = 34C502D1225250BE005A5D25 /* PBXContainerItemProxy */;
		};
/* End PBXTargetDependency section */

/* Begin PBXVariantGroup section */
		34C502CA225250BE005A5D25 /* MainInterface.storyboard */ = {
			isa = PBXVariantGroup;
			children = (
				34C502CB225250BE005A5D25 /* Base */,
			);
			name = MainInterface.storyboard;
			sourceTree = "<group>";
		};
		34DE4FD921F59236002004E2 /* Main.storyboard */ = {
			isa = PBXVariantGroup;
			children = (
				34DE4FDA21F59236002004E2 /* Base */,
			);
			name = Main.storyboard;
			sourceTree = "<group>";
		};
		34DE4FDE21F59236002004E2 /* LaunchScreen.storyboard */ = {
			isa = PBXVariantGroup;
			children = (
				34DE4FDF21F59236002004E2 /* Base */,
			);
			name = LaunchScreen.storyboard;
			sourceTree = "<group>";
		};
/* End PBXVariantGroup section */

/* Begin XCBuildConfiguration section */
		34C502D5225250BE005A5D25 /* Debug */ = {
			isa = XCBuildConfiguration;
			baseConfigurationReference = 61555D0C66EC98959388A0B2 /* Pods-TodayIntentUI.debug.xcconfig */;
			buildSettings = {
				CODE_SIGN_ENTITLEMENTS = TodayIntentUI/TodayIntentUI.entitlements;
				CODE_SIGN_STYLE = Automatic;
				DEVELOPMENT_TEAM = MCRTE5CC2K;
				INFOPLIST_FILE = TodayIntentUI/Info.plist;
				IPHONEOS_DEPLOYMENT_TARGET = 12.2;
				LD_RUNPATH_SEARCH_PATHS = (
					"$(inherited)",
					"@executable_path/Frameworks",
					"@executable_path/../../Frameworks",
				);
				PRODUCT_BUNDLE_IDENTIFIER = com.uapps.uTodayiOS.TodayIntentUI;
				PRODUCT_NAME = "$(TARGET_NAME)";
				SKIP_INSTALL = YES;
				SWIFT_VERSION = 5.0;
				TARGETED_DEVICE_FAMILY = 1;
			};
			name = Debug;
		};
		34C502D6225250BE005A5D25 /* Release */ = {
			isa = XCBuildConfiguration;
			baseConfigurationReference = 1FDD963CB06E00A63D1E47AD /* Pods-TodayIntentUI.release.xcconfig */;
			buildSettings = {
				CODE_SIGN_ENTITLEMENTS = TodayIntentUI/TodayIntentUI.entitlements;
				CODE_SIGN_STYLE = Automatic;
				DEVELOPMENT_TEAM = MCRTE5CC2K;
				INFOPLIST_FILE = TodayIntentUI/Info.plist;
				IPHONEOS_DEPLOYMENT_TARGET = 12.2;
				LD_RUNPATH_SEARCH_PATHS = (
					"$(inherited)",
					"@executable_path/Frameworks",
					"@executable_path/../../Frameworks",
				);
				PRODUCT_BUNDLE_IDENTIFIER = com.uapps.uTodayiOS.TodayIntentUI;
				PRODUCT_NAME = "$(TARGET_NAME)";
				SKIP_INSTALL = YES;
				SWIFT_VERSION = 5.0;
				TARGETED_DEVICE_FAMILY = 1;
			};
			name = Release;
		};
		34C502D8225250BE005A5D25 /* Debug */ = {
			isa = XCBuildConfiguration;
			baseConfigurationReference = 07C436442A2D5D30FE9E2832 /* Pods-TodayIntent.debug.xcconfig */;
			buildSettings = {
				CODE_SIGN_ENTITLEMENTS = TodayIntent/TodayIntent.entitlements;
				CODE_SIGN_STYLE = Automatic;
				DEVELOPMENT_TEAM = MCRTE5CC2K;
				INFOPLIST_FILE = TodayIntent/Info.plist;
				IPHONEOS_DEPLOYMENT_TARGET = 12.2;
				LD_RUNPATH_SEARCH_PATHS = (
					"$(inherited)",
					"@executable_path/Frameworks",
					"@executable_path/../../Frameworks",
				);
				PRODUCT_BUNDLE_IDENTIFIER = com.uapps.uTodayiOS.TodayIntent;
				PRODUCT_NAME = "$(TARGET_NAME)";
				SKIP_INSTALL = YES;
				SWIFT_VERSION = 5.0;
				TARGETED_DEVICE_FAMILY = "1,2";
			};
			name = Debug;
		};
		34C502D9225250BE005A5D25 /* Release */ = {
			isa = XCBuildConfiguration;
			baseConfigurationReference = A44DAA7AE586116A685A7557 /* Pods-TodayIntent.release.xcconfig */;
			buildSettings = {
				CODE_SIGN_ENTITLEMENTS = TodayIntent/TodayIntent.entitlements;
				CODE_SIGN_STYLE = Automatic;
				DEVELOPMENT_TEAM = MCRTE5CC2K;
				INFOPLIST_FILE = TodayIntent/Info.plist;
				IPHONEOS_DEPLOYMENT_TARGET = 12.2;
				LD_RUNPATH_SEARCH_PATHS = (
					"$(inherited)",
					"@executable_path/Frameworks",
					"@executable_path/../../Frameworks",
				);
				PRODUCT_BUNDLE_IDENTIFIER = com.uapps.uTodayiOS.TodayIntent;
				PRODUCT_NAME = "$(TARGET_NAME)";
				SKIP_INSTALL = YES;
				SWIFT_VERSION = 5.0;
				TARGETED_DEVICE_FAMILY = "1,2";
			};
			name = Release;
		};
		34DE4FE221F59237002004E2 /* Debug */ = {
			isa = XCBuildConfiguration;
			buildSettings = {
				ALWAYS_SEARCH_USER_PATHS = NO;
				CLANG_ANALYZER_NONNULL = YES;
				CLANG_ANALYZER_NUMBER_OBJECT_CONVERSION = YES_AGGRESSIVE;
				CLANG_CXX_LANGUAGE_STANDARD = "gnu++14";
				CLANG_CXX_LIBRARY = "libc++";
				CLANG_ENABLE_MODULES = YES;
				CLANG_ENABLE_OBJC_ARC = YES;
				CLANG_ENABLE_OBJC_WEAK = YES;
				CLANG_WARN_BLOCK_CAPTURE_AUTORELEASING = YES;
				CLANG_WARN_BOOL_CONVERSION = YES;
				CLANG_WARN_COMMA = YES;
				CLANG_WARN_CONSTANT_CONVERSION = YES;
				CLANG_WARN_DEPRECATED_OBJC_IMPLEMENTATIONS = YES;
				CLANG_WARN_DIRECT_OBJC_ISA_USAGE = YES_ERROR;
				CLANG_WARN_DOCUMENTATION_COMMENTS = YES;
				CLANG_WARN_EMPTY_BODY = YES;
				CLANG_WARN_ENUM_CONVERSION = YES;
				CLANG_WARN_INFINITE_RECURSION = YES;
				CLANG_WARN_INT_CONVERSION = YES;
				CLANG_WARN_NON_LITERAL_NULL_CONVERSION = YES;
				CLANG_WARN_OBJC_IMPLICIT_RETAIN_SELF = YES;
				CLANG_WARN_OBJC_LITERAL_CONVERSION = YES;
				CLANG_WARN_OBJC_ROOT_CLASS = YES_ERROR;
				CLANG_WARN_RANGE_LOOP_ANALYSIS = YES;
				CLANG_WARN_STRICT_PROTOTYPES = YES;
				CLANG_WARN_SUSPICIOUS_MOVE = YES;
				CLANG_WARN_UNGUARDED_AVAILABILITY = YES_AGGRESSIVE;
				CLANG_WARN_UNREACHABLE_CODE = YES;
				CLANG_WARN__DUPLICATE_METHOD_MATCH = YES;
				CODE_SIGN_IDENTITY = "iPhone Developer";
				COPY_PHASE_STRIP = NO;
				DEBUG_INFORMATION_FORMAT = dwarf;
				ENABLE_STRICT_OBJC_MSGSEND = YES;
				ENABLE_TESTABILITY = YES;
				GCC_C_LANGUAGE_STANDARD = gnu11;
				GCC_DYNAMIC_NO_PIC = NO;
				GCC_NO_COMMON_BLOCKS = YES;
				GCC_OPTIMIZATION_LEVEL = 0;
				GCC_PREPROCESSOR_DEFINITIONS = (
					"DEBUG=1",
					"$(inherited)",
				);
				GCC_WARN_64_TO_32_BIT_CONVERSION = YES;
				GCC_WARN_ABOUT_RETURN_TYPE = YES_ERROR;
				GCC_WARN_UNDECLARED_SELECTOR = YES;
				GCC_WARN_UNINITIALIZED_AUTOS = YES_AGGRESSIVE;
				GCC_WARN_UNUSED_FUNCTION = YES;
				GCC_WARN_UNUSED_VARIABLE = YES;
				IPHONEOS_DEPLOYMENT_TARGET = 12.1;
				MTL_ENABLE_DEBUG_INFO = INCLUDE_SOURCE;
				MTL_FAST_MATH = YES;
				ONLY_ACTIVE_ARCH = YES;
				SDKROOT = iphoneos;
				SWIFT_ACTIVE_COMPILATION_CONDITIONS = DEBUG;
				SWIFT_OPTIMIZATION_LEVEL = "-Onone";
			};
			name = Debug;
		};
		34DE4FE321F59237002004E2 /* Release */ = {
			isa = XCBuildConfiguration;
			buildSettings = {
				ALWAYS_SEARCH_USER_PATHS = NO;
				CLANG_ANALYZER_NONNULL = YES;
				CLANG_ANALYZER_NUMBER_OBJECT_CONVERSION = YES_AGGRESSIVE;
				CLANG_CXX_LANGUAGE_STANDARD = "gnu++14";
				CLANG_CXX_LIBRARY = "libc++";
				CLANG_ENABLE_MODULES = YES;
				CLANG_ENABLE_OBJC_ARC = YES;
				CLANG_ENABLE_OBJC_WEAK = YES;
				CLANG_WARN_BLOCK_CAPTURE_AUTORELEASING = YES;
				CLANG_WARN_BOOL_CONVERSION = YES;
				CLANG_WARN_COMMA = YES;
				CLANG_WARN_CONSTANT_CONVERSION = YES;
				CLANG_WARN_DEPRECATED_OBJC_IMPLEMENTATIONS = YES;
				CLANG_WARN_DIRECT_OBJC_ISA_USAGE = YES_ERROR;
				CLANG_WARN_DOCUMENTATION_COMMENTS = YES;
				CLANG_WARN_EMPTY_BODY = YES;
				CLANG_WARN_ENUM_CONVERSION = YES;
				CLANG_WARN_INFINITE_RECURSION = YES;
				CLANG_WARN_INT_CONVERSION = YES;
				CLANG_WARN_NON_LITERAL_NULL_CONVERSION = YES;
				CLANG_WARN_OBJC_IMPLICIT_RETAIN_SELF = YES;
				CLANG_WARN_OBJC_LITERAL_CONVERSION = YES;
				CLANG_WARN_OBJC_ROOT_CLASS = YES_ERROR;
				CLANG_WARN_RANGE_LOOP_ANALYSIS = YES;
				CLANG_WARN_STRICT_PROTOTYPES = YES;
				CLANG_WARN_SUSPICIOUS_MOVE = YES;
				CLANG_WARN_UNGUARDED_AVAILABILITY = YES_AGGRESSIVE;
				CLANG_WARN_UNREACHABLE_CODE = YES;
				CLANG_WARN__DUPLICATE_METHOD_MATCH = YES;
				CODE_SIGN_IDENTITY = "iPhone Developer";
				COPY_PHASE_STRIP = NO;
				DEBUG_INFORMATION_FORMAT = "dwarf-with-dsym";
				ENABLE_NS_ASSERTIONS = NO;
				ENABLE_STRICT_OBJC_MSGSEND = YES;
				GCC_C_LANGUAGE_STANDARD = gnu11;
				GCC_NO_COMMON_BLOCKS = YES;
				GCC_WARN_64_TO_32_BIT_CONVERSION = YES;
				GCC_WARN_ABOUT_RETURN_TYPE = YES_ERROR;
				GCC_WARN_UNDECLARED_SELECTOR = YES;
				GCC_WARN_UNINITIALIZED_AUTOS = YES_AGGRESSIVE;
				GCC_WARN_UNUSED_FUNCTION = YES;
				GCC_WARN_UNUSED_VARIABLE = YES;
				IPHONEOS_DEPLOYMENT_TARGET = 12.1;
				MTL_ENABLE_DEBUG_INFO = NO;
				MTL_FAST_MATH = YES;
				SDKROOT = iphoneos;
				SWIFT_COMPILATION_MODE = wholemodule;
				SWIFT_OPTIMIZATION_LEVEL = "-O";
				VALIDATE_PRODUCT = YES;
			};
			name = Release;
		};
		34DE4FE521F59237002004E2 /* Debug */ = {
			isa = XCBuildConfiguration;
			baseConfigurationReference = 3C033A2A71641770EDE87F6F /* Pods-uToday.debug.xcconfig */;
			buildSettings = {
				ALWAYS_EMBED_SWIFT_STANDARD_LIBRARIES = YES;
				ASSETCATALOG_COMPILER_APPICON_NAME = AppIcon;
				CODE_SIGN_ENTITLEMENTS = uToday/uToday.entitlements;
				CODE_SIGN_STYLE = Automatic;
				DEVELOPMENT_TEAM = MCRTE5CC2K;
				INFOPLIST_FILE = uToday/Info.plist;
				IPHONEOS_DEPLOYMENT_TARGET = 12.0;
				LD_RUNPATH_SEARCH_PATHS = (
					"$(inherited)",
					"@executable_path/Frameworks",
				);
				PRODUCT_BUNDLE_IDENTIFIER = com.uapps.uTodayiOS;
				PRODUCT_NAME = "$(TARGET_NAME)";
				SWIFT_VERSION = 4.2;
				TARGETED_DEVICE_FAMILY = "1,2";
			};
			name = Debug;
		};
		34DE4FE621F59237002004E2 /* Release */ = {
			isa = XCBuildConfiguration;
			baseConfigurationReference = ADD1F41DC202A050A84A2B30 /* Pods-uToday.release.xcconfig */;
			buildSettings = {
				ALWAYS_EMBED_SWIFT_STANDARD_LIBRARIES = YES;
				ASSETCATALOG_COMPILER_APPICON_NAME = AppIcon;
				CODE_SIGN_ENTITLEMENTS = uToday/uToday.entitlements;
				CODE_SIGN_STYLE = Automatic;
				DEVELOPMENT_TEAM = MCRTE5CC2K;
				INFOPLIST_FILE = uToday/Info.plist;
				IPHONEOS_DEPLOYMENT_TARGET = 12.0;
				LD_RUNPATH_SEARCH_PATHS = (
					"$(inherited)",
					"@executable_path/Frameworks",
				);
				PRODUCT_BUNDLE_IDENTIFIER = com.uapps.uTodayiOS;
				PRODUCT_NAME = "$(TARGET_NAME)";
				SWIFT_VERSION = 4.2;
				TARGETED_DEVICE_FAMILY = "1,2";
			};
			name = Release;
		};
/* End XCBuildConfiguration section */

/* Begin XCConfigurationList section */
		34C502D4225250BE005A5D25 /* Build configuration list for PBXNativeTarget "TodayIntentUI" */ = {
			isa = XCConfigurationList;
			buildConfigurations = (
				34C502D5225250BE005A5D25 /* Debug */,
				34C502D6225250BE005A5D25 /* Release */,
			);
			defaultConfigurationIsVisible = 0;
			defaultConfigurationName = Release;
		};
		34C502D7225250BE005A5D25 /* Build configuration list for PBXNativeTarget "TodayIntent" */ = {
			isa = XCConfigurationList;
			buildConfigurations = (
				34C502D8225250BE005A5D25 /* Debug */,
				34C502D9225250BE005A5D25 /* Release */,
			);
			defaultConfigurationIsVisible = 0;
			defaultConfigurationName = Release;
		};
		34DE4FCD21F59236002004E2 /* Build configuration list for PBXProject "uToday" */ = {
			isa = XCConfigurationList;
			buildConfigurations = (
				34DE4FE221F59237002004E2 /* Debug */,
				34DE4FE321F59237002004E2 /* Release */,
			);
			defaultConfigurationIsVisible = 0;
			defaultConfigurationName = Release;
		};
		34DE4FE421F59237002004E2 /* Build configuration list for PBXNativeTarget "uToday" */ = {
			isa = XCConfigurationList;
			buildConfigurations = (
				34DE4FE521F59237002004E2 /* Debug */,
				34DE4FE621F59237002004E2 /* Release */,
			);
			defaultConfigurationIsVisible = 0;
			defaultConfigurationName = Release;
		};
/* End XCConfigurationList section */
	};
	rootObject = 34DE4FCA21F59236002004E2 /* Project object */;
}
